
Microsoft Visual Studio Solution File, Format Version 12.00
# Visual Studio Version 17
VisualStudioVersion = 17.7.34031.279
MinimumVisualStudioVersion = 10.0.40219.1
Project("{FAE04EC0-301F-11D3-BF4B-00C04F79EFBC}") = "LibraryProject", "LibraryProject.csproj", "{35920606-1A91-4DE9-BAFF-328A7971F1E2}"
EndProject
Global
	GlobalSection(SolutionConfigurationPlatforms) = preSolution
		Debug|Any CPU = Debug|Any CPU
		Release|Any CPU = Release|Any CPU
	EndGlobalSection
	GlobalSection(ProjectConfigurationPlatforms) = postSolution
		{35920606-1A91-4DE9-BAFF-328A7971F1E2}.Debug|Any CPU.ActiveCfg = Debug|Any CPU
		{35920606-1A91-4DE9-BAFF-328A7971F1E2}.Debug|Any CPU.Build.0 = Debug|Any CPU
		{35920606-1A91-4DE9-BAFF-328A7971F1E2}.Release|Any CPU.ActiveCfg = Release|Any CPU
		{35920606-1A91-4DE9-BAFF-328A7971F1E2}.Release|Any CPU.Build.0 = Release|Any CPU
	EndGlobalSection
	GlobalSection(SolutionProperties) = preSolution
		HideSolutionNode = FALSE
	EndGlobalSection
	GlobalSection(ExtensibilityGlobals) = postSolution
		SolutionGuid = {05F92C9B-AF93-4C90-A464-145692291410}
	EndGlobalSection
EndGlobal
